// !$*UTF8*$!
{
	archiveVersion = 1;
	classes = {
	};
	objectVersion = 51;
	objects = {

/* Begin PBXBuildFile section */
		01BBC9FF613FCCACE6B1179F /* Pods_StoreRenewal.framework in Frameworks */ = {isa = PBXBuildFile; fileRef = 37CA5F9BBBA87AB66E02DAC3 /* Pods_StoreRenewal.framework */; };
		ABE065F024D2B9CA002FC45E /* AppDelegate.swift in Sources */ = {isa = PBXBuildFile; fileRef = ABE065EF24D2B9CA002FC45E /* AppDelegate.swift */; };
		ABE065F224D2B9CA002FC45E /* SceneDelegate.swift in Sources */ = {isa = PBXBuildFile; fileRef = ABE065F124D2B9CA002FC45E /* SceneDelegate.swift */; };
		ABE065F424D2B9CA002FC45E /* StoreMainVC.swift in Sources */ = {isa = PBXBuildFile; fileRef = ABE065F324D2B9CA002FC45E /* StoreMainVC.swift */; };
		ABE065F724D2B9CA002FC45E /* Main.storyboard in Resources */ = {isa = PBXBuildFile; fileRef = ABE065F524D2B9CA002FC45E /* Main.storyboard */; };
		ABE065FA24D2B9CA002FC45E /* StoreRenewal.xcdatamodeld in Sources */ = {isa = PBXBuildFile; fileRef = ABE065F824D2B9CA002FC45E /* StoreRenewal.xcdatamodeld */; };
		ABE065FC24D2B9D1002FC45E /* Assets.xcassets in Resources */ = {isa = PBXBuildFile; fileRef = ABE065FB24D2B9D1002FC45E /* Assets.xcassets */; };
		ABE065FF24D2B9D1002FC45E /* LaunchScreen.storyboard in Resources */ = {isa = PBXBuildFile; fileRef = ABE065FD24D2B9D1002FC45E /* LaunchScreen.storyboard */; };
		ABE0660724D2BAAF002FC45E /* MypageVC.swift in Sources */ = {isa = PBXBuildFile; fileRef = ABE0660624D2BAAE002FC45E /* MypageVC.swift */; };
		ABE0660A24D2C15A002FC45E /* FirstView.swift in Sources */ = {isa = PBXBuildFile; fileRef = ABE0660924D2C15A002FC45E /* FirstView.swift */; };
		ABE0660C24D2C322002FC45E /* FirstViewTableCell.swift in Sources */ = {isa = PBXBuildFile; fileRef = ABE0660B24D2C322002FC45E /* FirstViewTableCell.swift */; };
		ABE0660F24D2C4C1002FC45E /* HelperFunctions.swift in Sources */ = {isa = PBXBuildFile; fileRef = ABE0660E24D2C4C1002FC45E /* HelperFunctions.swift */; };
		ABE0661224D2C91C002FC45E /* SecondView.swift in Sources */ = {isa = PBXBuildFile; fileRef = ABE0661124D2C91C002FC45E /* SecondView.swift */; };
		ABE0661C24D3F094002FC45E /* CategoryCell.swift in Sources */ = {isa = PBXBuildFile; fileRef = ABE0661524D3F093002FC45E /* CategoryCell.swift */; };
		ABE0661D24D3F094002FC45E /* CategoryTabBarCell.swift in Sources */ = {isa = PBXBuildFile; fileRef = ABE0661624D3F093002FC45E /* CategoryTabBarCell.swift */; };
		ABE0661E24D3F094002FC45E /* CategoryTabBarViewController.swift in Sources */ = {isa = PBXBuildFile; fileRef = ABE0661724D3F093002FC45E /* CategoryTabBarViewController.swift */; };
		ABE0661F24D3F094002FC45E /* CategoryView.swift in Sources */ = {isa = PBXBuildFile; fileRef = ABE0661924D3F093002FC45E /* CategoryView.swift */; };
		ABE0662024D3F094002FC45E /* CategoryTabBarView.swift in Sources */ = {isa = PBXBuildFile; fileRef = ABE0661A24D3F093002FC45E /* CategoryTabBarView.swift */; };
		ABE0662124D3F094002FC45E /* IndicatorBarView.swift in Sources */ = {isa = PBXBuildFile; fileRef = ABE0661B24D3F093002FC45E /* IndicatorBarView.swift */; };
		ABE0662324D3F533002FC45E /* BestView.swift in Sources */ = {isa = PBXBuildFile; fileRef = ABE0662224D3F533002FC45E /* BestView.swift */; };
		ABE0662524D3F53B002FC45E /* BrandView.swift in Sources */ = {isa = PBXBuildFile; fileRef = ABE0662424D3F53B002FC45E /* BrandView.swift */; };
		ABE0662724D3F550002FC45E /* CategoryMainView.swift in Sources */ = {isa = PBXBuildFile; fileRef = ABE0662624D3F550002FC45E /* CategoryMainView.swift */; };
		ABE0662924D3F55A002FC45E /* PromotionView.swift in Sources */ = {isa = PBXBuildFile; fileRef = ABE0662824D3F55A002FC45E /* PromotionView.swift */; };
		ABE0662B24D7D036002FC45E /* FirstVC.swift in Sources */ = {isa = PBXBuildFile; fileRef = ABE0662A24D7D036002FC45E /* FirstVC.swift */; };
		ABE0662D24D7D042002FC45E /* SecondVC.swift in Sources */ = {isa = PBXBuildFile; fileRef = ABE0662C24D7D042002FC45E /* SecondVC.swift */; };
		ABE0663224D7D8C1002FC45E /* EpisodeModel.swift in Sources */ = {isa = PBXBuildFile; fileRef = ABE0663124D7D8C1002FC45E /* EpisodeModel.swift */; };
		ABE0663824D7F147002FC45E /* PageBoyViewController.swift in Sources */ = {isa = PBXBuildFile; fileRef = ABE0663724D7F147002FC45E /* PageBoyViewController.swift */; };
/* End PBXBuildFile section */

/* Begin PBXFileReference section */
		37CA5F9BBBA87AB66E02DAC3 /* Pods_StoreRenewal.framework */ = {isa = PBXFileReference; explicitFileType = wrapper.framework; includeInIndex = 0; path = Pods_StoreRenewal.framework; sourceTree = BUILT_PRODUCTS_DIR; };
		521FD3047C444A3766B7A5CD /* Pods-StoreRenewal.release.xcconfig */ = {isa = PBXFileReference; includeInIndex = 1; lastKnownFileType = text.xcconfig; name = "Pods-StoreRenewal.release.xcconfig"; path = "Target Support Files/Pods-StoreRenewal/Pods-StoreRenewal.release.xcconfig"; sourceTree = "<group>"; };
		ABE065EC24D2B9CA002FC45E /* StoreRenewal.app */ = {isa = PBXFileReference; explicitFileType = wrapper.application; includeInIndex = 0; path = StoreRenewal.app; sourceTree = BUILT_PRODUCTS_DIR; };
		ABE065EF24D2B9CA002FC45E /* AppDelegate.swift */ = {isa = PBXFileReference; lastKnownFileType = sourcecode.swift; path = AppDelegate.swift; sourceTree = "<group>"; };
		ABE065F124D2B9CA002FC45E /* SceneDelegate.swift */ = {isa = PBXFileReference; lastKnownFileType = sourcecode.swift; path = SceneDelegate.swift; sourceTree = "<group>"; };
		ABE065F324D2B9CA002FC45E /* StoreMainVC.swift */ = {isa = PBXFileReference; lastKnownFileType = sourcecode.swift; path = StoreMainVC.swift; sourceTree = "<group>"; };
		ABE065F624D2B9CA002FC45E /* Base */ = {isa = PBXFileReference; lastKnownFileType = file.storyboard; name = Base; path = Base.lproj/Main.storyboard; sourceTree = "<group>"; };
		ABE065F924D2B9CA002FC45E /* StoreRenewal.xcdatamodel */ = {isa = PBXFileReference; lastKnownFileType = wrapper.xcdatamodel; path = StoreRenewal.xcdatamodel; sourceTree = "<group>"; };
		ABE065FB24D2B9D1002FC45E /* Assets.xcassets */ = {isa = PBXFileReference; lastKnownFileType = folder.assetcatalog; path = Assets.xcassets; sourceTree = "<group>"; };
		ABE065FE24D2B9D1002FC45E /* Base */ = {isa = PBXFileReference; lastKnownFileType = file.storyboard; name = Base; path = Base.lproj/LaunchScreen.storyboard; sourceTree = "<group>"; };
		ABE0660024D2B9D1002FC45E /* Info.plist */ = {isa = PBXFileReference; lastKnownFileType = text.plist.xml; path = Info.plist; sourceTree = "<group>"; };
		ABE0660624D2BAAE002FC45E /* MypageVC.swift */ = {isa = PBXFileReference; lastKnownFileType = sourcecode.swift; path = MypageVC.swift; sourceTree = "<group>"; };
		ABE0660924D2C15A002FC45E /* FirstView.swift */ = {isa = PBXFileReference; lastKnownFileType = sourcecode.swift; path = FirstView.swift; sourceTree = "<group>"; };
		ABE0660B24D2C322002FC45E /* FirstViewTableCell.swift */ = {isa = PBXFileReference; lastKnownFileType = sourcecode.swift; path = FirstViewTableCell.swift; sourceTree = "<group>"; };
		ABE0660E24D2C4C1002FC45E /* HelperFunctions.swift */ = {isa = PBXFileReference; lastKnownFileType = sourcecode.swift; path = HelperFunctions.swift; sourceTree = "<group>"; };
		ABE0661124D2C91C002FC45E /* SecondView.swift */ = {isa = PBXFileReference; lastKnownFileType = sourcecode.swift; path = SecondView.swift; sourceTree = "<group>"; };
		ABE0661524D3F093002FC45E /* CategoryCell.swift */ = {isa = PBXFileReference; fileEncoding = 4; lastKnownFileType = sourcecode.swift; path = CategoryCell.swift; sourceTree = "<group>"; };
		ABE0661624D3F093002FC45E /* CategoryTabBarCell.swift */ = {isa = PBXFileReference; fileEncoding = 4; lastKnownFileType = sourcecode.swift; path = CategoryTabBarCell.swift; sourceTree = "<group>"; };
		ABE0661724D3F093002FC45E /* CategoryTabBarViewController.swift */ = {isa = PBXFileReference; fileEncoding = 4; lastKnownFileType = sourcecode.swift; path = CategoryTabBarViewController.swift; sourceTree = "<group>"; };
		ABE0661924D3F093002FC45E /* CategoryView.swift */ = {isa = PBXFileReference; fileEncoding = 4; lastKnownFileType = sourcecode.swift; path = CategoryView.swift; sourceTree = "<group>"; };
		ABE0661A24D3F093002FC45E /* CategoryTabBarView.swift */ = {isa = PBXFileReference; fileEncoding = 4; lastKnownFileType = sourcecode.swift; path = CategoryTabBarView.swift; sourceTree = "<group>"; };
		ABE0661B24D3F093002FC45E /* IndicatorBarView.swift */ = {isa = PBXFileReference; fileEncoding = 4; lastKnownFileType = sourcecode.swift; path = IndicatorBarView.swift; sourceTree = "<group>"; };
		ABE0662224D3F533002FC45E /* BestView.swift */ = {isa = PBXFileReference; lastKnownFileType = sourcecode.swift; path = BestView.swift; sourceTree = "<group>"; };
		ABE0662424D3F53B002FC45E /* BrandView.swift */ = {isa = PBXFileReference; lastKnownFileType = sourcecode.swift; path = BrandView.swift; sourceTree = "<group>"; };
		ABE0662624D3F550002FC45E /* CategoryMainView.swift */ = {isa = PBXFileReference; lastKnownFileType = sourcecode.swift; path = CategoryMainView.swift; sourceTree = "<group>"; };
		ABE0662824D3F55A002FC45E /* PromotionView.swift */ = {isa = PBXFileReference; lastKnownFileType = sourcecode.swift; path = PromotionView.swift; sourceTree = "<group>"; };
		ABE0662A24D7D036002FC45E /* FirstVC.swift */ = {isa = PBXFileReference; lastKnownFileType = sourcecode.swift; path = FirstVC.swift; sourceTree = "<group>"; };
		ABE0662C24D7D042002FC45E /* SecondVC.swift */ = {isa = PBXFileReference; lastKnownFileType = sourcecode.swift; path = SecondVC.swift; sourceTree = "<group>"; };
		ABE0663124D7D8C1002FC45E /* EpisodeModel.swift */ = {isa = PBXFileReference; lastKnownFileType = sourcecode.swift; path = EpisodeModel.swift; sourceTree = "<group>"; };
		ABE0663724D7F147002FC45E /* PageBoyViewController.swift */ = {isa = PBXFileReference; lastKnownFileType = sourcecode.swift; path = PageBoyViewController.swift; sourceTree = "<group>"; };
		BDD4F2D33000EB10204BB972 /* Pods-StoreRenewal.debug.xcconfig */ = {isa = PBXFileReference; includeInIndex = 1; lastKnownFileType = text.xcconfig; name = "Pods-StoreRenewal.debug.xcconfig"; path = "Target Support Files/Pods-StoreRenewal/Pods-StoreRenewal.debug.xcconfig"; sourceTree = "<group>"; };
/* End PBXFileReference section */

/* Begin PBXFrameworksBuildPhase section */
		ABE065E924D2B9CA002FC45E /* Frameworks */ = {
			isa = PBXFrameworksBuildPhase;
			buildActionMask = 2147483647;
			files = (
				01BBC9FF613FCCACE6B1179F /* Pods_StoreRenewal.framework in Frameworks */,
			);
			runOnlyForDeploymentPostprocessing = 0;
		};
/* End PBXFrameworksBuildPhase section */

/* Begin PBXGroup section */
		716F63E249A26321D6466C44 /* Pods */ = {
			isa = PBXGroup;
			children = (
				BDD4F2D33000EB10204BB972 /* Pods-StoreRenewal.debug.xcconfig */,
				521FD3047C444A3766B7A5CD /* Pods-StoreRenewal.release.xcconfig */,
			);
			path = Pods;
			sourceTree = "<group>";
		};
		96FBCEC9A0E3DF8342187921 /* Frameworks */ = {
			isa = PBXGroup;
			children = (
				37CA5F9BBBA87AB66E02DAC3 /* Pods_StoreRenewal.framework */,
			);
			name = Frameworks;
			sourceTree = "<group>";
		};
		ABE065E324D2B9C9002FC45E = {
			isa = PBXGroup;
			children = (
				ABE065EE24D2B9CA002FC45E /* StoreRenewal */,
				ABE065ED24D2B9CA002FC45E /* Products */,
				716F63E249A26321D6466C44 /* Pods */,
				96FBCEC9A0E3DF8342187921 /* Frameworks */,
			);
			sourceTree = "<group>";
		};
		ABE065ED24D2B9CA002FC45E /* Products */ = {
			isa = PBXGroup;
			children = (
				ABE065EC24D2B9CA002FC45E /* StoreRenewal.app */,
			);
			name = Products;
			sourceTree = "<group>";
		};
		ABE065EE24D2B9CA002FC45E /* StoreRenewal */ = {
			isa = PBXGroup;
			children = (
				ABE0663024D7D8A1002FC45E /* Models */,
				ABE0660D24D2C4B1002FC45E /* Helpers */,
				ABE065EF24D2B9CA002FC45E /* AppDelegate.swift */,
				ABE065F124D2B9CA002FC45E /* SceneDelegate.swift */,
				ABE0660824D2BCFB002FC45E /* Store */,
				ABE0661324D3F093002FC45E /* CustomTabBar */,
				ABE0660624D2BAAE002FC45E /* MypageVC.swift */,
				ABE065F524D2B9CA002FC45E /* Main.storyboard */,
				ABE065FB24D2B9D1002FC45E /* Assets.xcassets */,
				ABE065FD24D2B9D1002FC45E /* LaunchScreen.storyboard */,
				ABE0660024D2B9D1002FC45E /* Info.plist */,
				ABE065F824D2B9CA002FC45E /* StoreRenewal.xcdatamodeld */,
			);
			path = StoreRenewal;
			sourceTree = "<group>";
		};
		ABE0660824D2BCFB002FC45E /* Store */ = {
			isa = PBXGroup;
			children = (
				ABE065F324D2B9CA002FC45E /* StoreMainVC.swift */,
				ABE0663724D7F147002FC45E /* PageBoyViewController.swift */,
				ABE0662A24D7D036002FC45E /* FirstVC.swift */,
				ABE0662C24D7D042002FC45E /* SecondVC.swift */,
				ABE0661024D2C900002FC45E /* Views */,
				ABE0660B24D2C322002FC45E /* FirstViewTableCell.swift */,
			);
			path = Store;
			sourceTree = "<group>";
		};
		ABE0660D24D2C4B1002FC45E /* Helpers */ = {
			isa = PBXGroup;
			children = (
				ABE0660E24D2C4C1002FC45E /* HelperFunctions.swift */,
			);
			path = Helpers;
			sourceTree = "<group>";
		};
		ABE0661024D2C900002FC45E /* Views */ = {
			isa = PBXGroup;
			children = (
				ABE0660924D2C15A002FC45E /* FirstView.swift */,
				ABE0661124D2C91C002FC45E /* SecondView.swift */,
				ABE0662224D3F533002FC45E /* BestView.swift */,
				ABE0662424D3F53B002FC45E /* BrandView.swift */,
				ABE0662824D3F55A002FC45E /* PromotionView.swift */,
				ABE0662624D3F550002FC45E /* CategoryMainView.swift */,
			);
			path = Views;
			sourceTree = "<group>";
		};
		ABE0661324D3F093002FC45E /* CustomTabBar */ = {
			isa = PBXGroup;
			children = (
				ABE0661724D3F093002FC45E /* CategoryTabBarViewController.swift */,
				ABE0661424D3F093002FC45E /* Cell */,
				ABE0661824D3F093002FC45E /* View */,
			);
			path = CustomTabBar;
			sourceTree = "<group>";
		};
		ABE0661424D3F093002FC45E /* Cell */ = {
			isa = PBXGroup;
			children = (
				ABE0661624D3F093002FC45E /* CategoryTabBarCell.swift */,
				ABE0661524D3F093002FC45E /* CategoryCell.swift */,
			);
			path = Cell;
			sourceTree = "<group>";
		};
		ABE0661824D3F093002FC45E /* View */ = {
			isa = PBXGroup;
			children = (
				ABE0661A24D3F093002FC45E /* CategoryTabBarView.swift */,
				ABE0661B24D3F093002FC45E /* IndicatorBarView.swift */,
				ABE0661924D3F093002FC45E /* CategoryView.swift */,
			);
			path = View;
			sourceTree = "<group>";
		};
		ABE0663024D7D8A1002FC45E /* Models */ = {
			isa = PBXGroup;
			children = (
				ABE0663124D7D8C1002FC45E /* EpisodeModel.swift */,
			);
			path = Models;
			sourceTree = "<group>";
		};
/* End PBXGroup section */

/* Begin PBXNativeTarget section */
		ABE065EB24D2B9CA002FC45E /* StoreRenewal */ = {
			isa = PBXNativeTarget;
			buildConfigurationList = ABE0660324D2B9D1002FC45E /* Build configuration list for PBXNativeTarget "StoreRenewal" */;
			buildPhases = (
				874E1D556284E92062E9E012 /* [CP] Check Pods Manifest.lock */,
				ABE065E824D2B9CA002FC45E /* Sources */,
				ABE065E924D2B9CA002FC45E /* Frameworks */,
				ABE065EA24D2B9CA002FC45E /* Resources */,
				237FADF15802852E175D0B57 /* [CP] Embed Pods Frameworks */,
			);
			buildRules = (
			);
			dependencies = (
			);
			name = StoreRenewal;
			productName = StoreRenewal;
			productReference = ABE065EC24D2B9CA002FC45E /* StoreRenewal.app */;
			productType = "com.apple.product-type.application";
		};
/* End PBXNativeTarget section */

/* Begin PBXProject section */
		ABE065E424D2B9C9002FC45E /* Project object */ = {
			isa = PBXProject;
			attributes = {
				LastSwiftUpdateCheck = 1160;
				LastUpgradeCheck = 1160;
				ORGANIZATIONNAME = "고정아";
				TargetAttributes = {
					ABE065EB24D2B9CA002FC45E = {
						CreatedOnToolsVersion = 11.6;
					};
				};
			};
			buildConfigurationList = ABE065E724D2B9C9002FC45E /* Build configuration list for PBXProject "StoreRenewal" */;
			compatibilityVersion = "Xcode 9.3";
			developmentRegion = en;
			hasScannedForEncodings = 0;
			knownRegions = (
				en,
				Base,
			);
			mainGroup = ABE065E324D2B9C9002FC45E;
			productRefGroup = ABE065ED24D2B9CA002FC45E /* Products */;
			projectDirPath = "";
			projectRoot = "";
			targets = (
				ABE065EB24D2B9CA002FC45E /* StoreRenewal */,
			);
		};
/* End PBXProject section */

/* Begin PBXResourcesBuildPhase section */
		ABE065EA24D2B9CA002FC45E /* Resources */ = {
			isa = PBXResourcesBuildPhase;
			buildActionMask = 2147483647;
			files = (
				ABE065FF24D2B9D1002FC45E /* LaunchScreen.storyboard in Resources */,
				ABE065FC24D2B9D1002FC45E /* Assets.xcassets in Resources */,
				ABE065F724D2B9CA002FC45E /* Main.storyboard in Resources */,
			);
			runOnlyForDeploymentPostprocessing = 0;
		};
/* End PBXResourcesBuildPhase section */

/* Begin PBXShellScriptBuildPhase section */
		237FADF15802852E175D0B57 /* [CP] Embed Pods Frameworks */ = {
			isa = PBXShellScriptBuildPhase;
			buildActionMask = 2147483647;
			files = (
			);
			inputFileListPaths = (
				"${PODS_ROOT}/Target Support Files/Pods-StoreRenewal/Pods-StoreRenewal-frameworks-${CONFIGURATION}-input-files.xcfilelist",
			);
			name = "[CP] Embed Pods Frameworks";
			outputFileListPaths = (
				"${PODS_ROOT}/Target Support Files/Pods-StoreRenewal/Pods-StoreRenewal-frameworks-${CONFIGURATION}-output-files.xcfilelist",
			);
			runOnlyForDeploymentPostprocessing = 0;
			shellPath = /bin/sh;
			shellScript = "\"${PODS_ROOT}/Target Support Files/Pods-StoreRenewal/Pods-StoreRenewal-frameworks.sh\"\n";
			showEnvVarsInLog = 0;
		};
		874E1D556284E92062E9E012 /* [CP] Check Pods Manifest.lock */ = {
			isa = PBXShellScriptBuildPhase;
			buildActionMask = 2147483647;
			files = (
			);
			inputFileListPaths = (
			);
			inputPaths = (
				"${PODS_PODFILE_DIR_PATH}/Podfile.lock",
				"${PODS_ROOT}/Manifest.lock",
			);
			name = "[CP] Check Pods Manifest.lock";
			outputFileListPaths = (
			);
			outputPaths = (
				"$(DERIVED_FILE_DIR)/Pods-StoreRenewal-checkManifestLockResult.txt",
			);
			runOnlyForDeploymentPostprocessing = 0;
			shellPath = /bin/sh;
			shellScript = "diff \"${PODS_PODFILE_DIR_PATH}/Podfile.lock\" \"${PODS_ROOT}/Manifest.lock\" > /dev/null\nif [ $? != 0 ] ; then\n    # print error to STDERR\n    echo \"error: The sandbox is not in sync with the Podfile.lock. Run 'pod install' or update your CocoaPods installation.\" >&2\n    exit 1\nfi\n# This output is used by Xcode 'outputs' to avoid re-running this script phase.\necho \"SUCCESS\" > \"${SCRIPT_OUTPUT_FILE_0}\"\n";
			showEnvVarsInLog = 0;
		};
/* End PBXShellScriptBuildPhase section */

/* Begin PBXSourcesBuildPhase section */
		ABE065E824D2B9CA002FC45E /* Sources */ = {
			isa = PBXSourcesBuildPhase;
			buildActionMask = 2147483647;
			files = (
				ABE0662924D3F55A002FC45E /* PromotionView.swift in Sources */,
				ABE0660724D2BAAF002FC45E /* MypageVC.swift in Sources */,
				ABE0660A24D2C15A002FC45E /* FirstView.swift in Sources */,
				ABE0662324D3F533002FC45E /* BestView.swift in Sources */,
				ABE0661E24D3F094002FC45E /* CategoryTabBarViewController.swift in Sources */,
				ABE0662124D3F094002FC45E /* IndicatorBarView.swift in Sources */,
				ABE065FA24D2B9CA002FC45E /* StoreRenewal.xcdatamodeld in Sources */,
				ABE0661224D2C91C002FC45E /* SecondView.swift in Sources */,
				ABE0661F24D3F094002FC45E /* CategoryView.swift in Sources */,
				ABE0662724D3F550002FC45E /* CategoryMainView.swift in Sources */,
				ABE065F424D2B9CA002FC45E /* StoreMainVC.swift in Sources */,
				ABE0660C24D2C322002FC45E /* FirstViewTableCell.swift in Sources */,
				ABE0660F24D2C4C1002FC45E /* HelperFunctions.swift in Sources */,
				ABE0662B24D7D036002FC45E /* FirstVC.swift in Sources */,
				ABE065F024D2B9CA002FC45E /* AppDelegate.swift in Sources */,
				ABE0663824D7F147002FC45E /* PageBoyViewController.swift in Sources */,
				ABE0662024D3F094002FC45E /* CategoryTabBarView.swift in Sources */,
				ABE0662D24D7D042002FC45E /* SecondVC.swift in Sources */,
				ABE0661D24D3F094002FC45E /* CategoryTabBarCell.swift in Sources */,
				ABE065F224D2B9CA002FC45E /* SceneDelegate.swift in Sources */,
				ABE0661C24D3F094002FC45E /* CategoryCell.swift in Sources */,
				ABE0663224D7D8C1002FC45E /* EpisodeModel.swift in Sources */,
				ABE0662524D3F53B002FC45E /* BrandView.swift in Sources */,
			);
			runOnlyForDeploymentPostprocessing = 0;
		};
/* End PBXSourcesBuildPhase section */

/* Begin PBXVariantGroup section */
		ABE065F524D2B9CA002FC45E /* Main.storyboard */ = {
			isa = PBXVariantGroup;
			children = (
				ABE065F624D2B9CA002FC45E /* Base */,
			);
			name = Main.storyboard;
			sourceTree = "<group>";
		};
		ABE065FD24D2B9D1002FC45E /* LaunchScreen.storyboard */ = {
			isa = PBXVariantGroup;
			children = (
				ABE065FE24D2B9D1002FC45E /* Base */,
			);
			name = LaunchScreen.storyboard;
			sourceTree = "<group>";
		};
/* End PBXVariantGroup section */

/* Begin XCBuildConfiguration section */
		ABE0660124D2B9D1002FC45E /* Debug */ = {
			isa = XCBuildConfiguration;
			buildSettings = {
				ALWAYS_SEARCH_USER_PATHS = NO;
				CLANG_ANALYZER_NONNULL = YES;
				CLANG_ANALYZER_NUMBER_OBJECT_CONVERSION = YES_AGGRESSIVE;
				CLANG_CXX_LANGUAGE_STANDARD = "gnu++14";
				CLANG_CXX_LIBRARY = "libc++";
				CLANG_ENABLE_MODULES = YES;
				CLANG_ENABLE_OBJC_ARC = YES;
				CLANG_ENABLE_OBJC_WEAK = YES;
				CLANG_WARN_BLOCK_CAPTURE_AUTORELEASING = YES;
				CLANG_WARN_BOOL_CONVERSION = YES;
				CLANG_WARN_COMMA = YES;
				CLANG_WARN_CONSTANT_CONVERSION = YES;
				CLANG_WARN_DEPRECATED_OBJC_IMPLEMENTATIONS = YES;
				CLANG_WARN_DIRECT_OBJC_ISA_USAGE = YES_ERROR;
				CLANG_WARN_DOCUMENTATION_COMMENTS = YES;
				CLANG_WARN_EMPTY_BODY = YES;
				CLANG_WARN_ENUM_CONVERSION = YES;
				CLANG_WARN_INFINITE_RECURSION = YES;
				CLANG_WARN_INT_CONVERSION = YES;
				CLANG_WARN_NON_LITERAL_NULL_CONVERSION = YES;
				CLANG_WARN_OBJC_IMPLICIT_RETAIN_SELF = YES;
				CLANG_WARN_OBJC_LITERAL_CONVERSION = YES;
				CLANG_WARN_OBJC_ROOT_CLASS = YES_ERROR;
				CLANG_WARN_RANGE_LOOP_ANALYSIS = YES;
				CLANG_WARN_STRICT_PROTOTYPES = YES;
				CLANG_WARN_SUSPICIOUS_MOVE = YES;
				CLANG_WARN_UNGUARDED_AVAILABILITY = YES_AGGRESSIVE;
				CLANG_WARN_UNREACHABLE_CODE = YES;
				CLANG_WARN__DUPLICATE_METHOD_MATCH = YES;
				COPY_PHASE_STRIP = NO;
				DEBUG_INFORMATION_FORMAT = dwarf;
				ENABLE_STRICT_OBJC_MSGSEND = YES;
				ENABLE_TESTABILITY = YES;
				GCC_C_LANGUAGE_STANDARD = gnu11;
				GCC_DYNAMIC_NO_PIC = NO;
				GCC_NO_COMMON_BLOCKS = YES;
				GCC_OPTIMIZATION_LEVEL = 0;
				GCC_PREPROCESSOR_DEFINITIONS = (
					"DEBUG=1",
					"$(inherited)",
				);
				GCC_WARN_64_TO_32_BIT_CONVERSION = YES;
				GCC_WARN_ABOUT_RETURN_TYPE = YES_ERROR;
				GCC_WARN_UNDECLARED_SELECTOR = YES;
				GCC_WARN_UNINITIALIZED_AUTOS = YES_AGGRESSIVE;
				GCC_WARN_UNUSED_FUNCTION = YES;
				GCC_WARN_UNUSED_VARIABLE = YES;
				IPHONEOS_DEPLOYMENT_TARGET = 12.0;
				MTL_ENABLE_DEBUG_INFO = INCLUDE_SOURCE;
				MTL_FAST_MATH = YES;
				ONLY_ACTIVE_ARCH = YES;
				SDKROOT = iphoneos;
				SWIFT_ACTIVE_COMPILATION_CONDITIONS = DEBUG;
				SWIFT_OPTIMIZATION_LEVEL = "-Onone";
			};
			name = Debug;
		};
		ABE0660224D2B9D1002FC45E /* Release */ = {
			isa = XCBuildConfiguration;
			buildSettings = {
				ALWAYS_SEARCH_USER_PATHS = NO;
				CLANG_ANALYZER_NONNULL = YES;
				CLANG_ANALYZER_NUMBER_OBJECT_CONVERSION = YES_AGGRESSIVE;
				CLANG_CXX_LANGUAGE_STANDARD = "gnu++14";
				CLANG_CXX_LIBRARY = "libc++";
				CLANG_ENABLE_MODULES = YES;
				CLANG_ENABLE_OBJC_ARC = YES;
				CLANG_ENABLE_OBJC_WEAK = YES;
				CLANG_WARN_BLOCK_CAPTURE_AUTORELEASING = YES;
				CLANG_WARN_BOOL_CONVERSION = YES;
				CLANG_WARN_COMMA = YES;
				CLANG_WARN_CONSTANT_CONVERSION = YES;
				CLANG_WARN_DEPRECATED_OBJC_IMPLEMENTATIONS = YES;
				CLANG_WARN_DIRECT_OBJC_ISA_USAGE = YES_ERROR;
				CLANG_WARN_DOCUMENTATION_COMMENTS = YES;
				CLANG_WARN_EMPTY_BODY = YES;
				CLANG_WARN_ENUM_CONVERSION = YES;
				CLANG_WARN_INFINITE_RECURSION = YES;
				CLANG_WARN_INT_CONVERSION = YES;
				CLANG_WARN_NON_LITERAL_NULL_CONVERSION = YES;
				CLANG_WARN_OBJC_IMPLICIT_RETAIN_SELF = YES;
				CLANG_WARN_OBJC_LITERAL_CONVERSION = YES;
				CLANG_WARN_OBJC_ROOT_CLASS = YES_ERROR;
				CLANG_WARN_RANGE_LOOP_ANALYSIS = YES;
				CLANG_WARN_STRICT_PROTOTYPES = YES;
				CLANG_WARN_SUSPICIOUS_MOVE = YES;
				CLANG_WARN_UNGUARDED_AVAILABILITY = YES_AGGRESSIVE;
				CLANG_WARN_UNREACHABLE_CODE = YES;
				CLANG_WARN__DUPLICATE_METHOD_MATCH = YES;
				COPY_PHASE_STRIP = NO;
				DEBUG_INFORMATION_FORMAT = "dwarf-with-dsym";
				ENABLE_NS_ASSERTIONS = NO;
				ENABLE_STRICT_OBJC_MSGSEND = YES;
				GCC_C_LANGUAGE_STANDARD = gnu11;
				GCC_NO_COMMON_BLOCKS = YES;
				GCC_WARN_64_TO_32_BIT_CONVERSION = YES;
				GCC_WARN_ABOUT_RETURN_TYPE = YES_ERROR;
				GCC_WARN_UNDECLARED_SELECTOR = YES;
				GCC_WARN_UNINITIALIZED_AUTOS = YES_AGGRESSIVE;
				GCC_WARN_UNUSED_FUNCTION = YES;
				GCC_WARN_UNUSED_VARIABLE = YES;
				IPHONEOS_DEPLOYMENT_TARGET = 12.0;
				MTL_ENABLE_DEBUG_INFO = NO;
				MTL_FAST_MATH = YES;
				SDKROOT = iphoneos;
				SWIFT_COMPILATION_MODE = wholemodule;
				SWIFT_OPTIMIZATION_LEVEL = "-O";
				VALIDATE_PRODUCT = YES;
			};
			name = Release;
		};
		ABE0660424D2B9D1002FC45E /* Debug */ = {
			isa = XCBuildConfiguration;
			baseConfigurationReference = BDD4F2D33000EB10204BB972 /* Pods-StoreRenewal.debug.xcconfig */;
			buildSettings = {
				ASSETCATALOG_COMPILER_APPICON_NAME = AppIcon;
				CODE_SIGN_STYLE = Automatic;
				DEVELOPMENT_TEAM = QAFQ5XW788;
				INFOPLIST_FILE = StoreRenewal/Info.plist;
				LD_RUNPATH_SEARCH_PATHS = (
					"$(inherited)",
					"@executable_path/Frameworks",
				);
				PRODUCT_BUNDLE_IDENTIFIER = daisy.StoreRenewal;
				PRODUCT_NAME = "$(TARGET_NAME)";
				SWIFT_VERSION = 5.0;
				TARGETED_DEVICE_FAMILY = 1;
			};
			name = Debug;
		};
		ABE0660524D2B9D1002FC45E /* Release */ = {
			isa = XCBuildConfiguration;
			baseConfigurationReference = 521FD3047C444A3766B7A5CD /* Pods-StoreRenewal.release.xcconfig */;
			buildSettings = {
				ASSETCATALOG_COMPILER_APPICON_NAME = AppIcon;
				CODE_SIGN_STYLE = Automatic;
				DEVELOPMENT_TEAM = QAFQ5XW788;
				INFOPLIST_FILE = StoreRenewal/Info.plist;
				LD_RUNPATH_SEARCH_PATHS = (
					"$(inherited)",
					"@executable_path/Frameworks",
				);
				PRODUCT_BUNDLE_IDENTIFIER = daisy.StoreRenewal;
				PRODUCT_NAME = "$(TARGET_NAME)";
				SWIFT_VERSION = 5.0;
				TARGETED_DEVICE_FAMILY = 1;
			};
			name = Release;
		};
/* End XCBuildConfiguration section */

/* Begin XCConfigurationList section */
		ABE065E724D2B9C9002FC45E /* Build configuration list for PBXProject "StoreRenewal" */ = {
			isa = XCConfigurationList;
			buildConfigurations = (
				ABE0660124D2B9D1002FC45E /* Debug */,
				ABE0660224D2B9D1002FC45E /* Release */,
			);
			defaultConfigurationIsVisible = 0;
			defaultConfigurationName = Release;
		};
		ABE0660324D2B9D1002FC45E /* Build configuration list for PBXNativeTarget "StoreRenewal" */ = {
			isa = XCConfigurationList;
			buildConfigurations = (
				ABE0660424D2B9D1002FC45E /* Debug */,
				ABE0660524D2B9D1002FC45E /* Release */,
			);
			defaultConfigurationIsVisible = 0;
			defaultConfigurationName = Release;
		};
/* End XCConfigurationList section */

/* Begin XCVersionGroup section */
		ABE065F824D2B9CA002FC45E /* StoreRenewal.xcdatamodeld */ = {
			isa = XCVersionGroup;
			children = (
				ABE065F924D2B9CA002FC45E /* StoreRenewal.xcdatamodel */,
			);
			currentVersion = ABE065F924D2B9CA002FC45E /* StoreRenewal.xcdatamodel */;
			path = StoreRenewal.xcdatamodeld;
			sourceTree = "<group>";
			versionGroupType = wrapper.xcdatamodel;
		};
/* End XCVersionGroup section */
	};
	rootObject = ABE065E424D2B9C9002FC45E /* Project object */;
}
